
Microsoft Visual Studio Solution File, Format Version 12.00
# Visual Studio 15
VisualStudioVersion = 15.0.28307.1231
MinimumVisualStudioVersion = 10.0.40219.1
Project("{FAE04EC0-301F-11D3-BF4B-00C04F79EFBC}") = "TCPStockManagementSystem", "TCPStockManagementSystem\TCPStockManagementSystem.csproj", "{BE657B00-6071-4BDF-BB3C-4BE52444885F}"
EndProject
Global
	GlobalSection(SolutionConfigurationPlatforms) = preSolution
		Debug|Any CPU = Debug|Any CPU
		Release|Any CPU = Release|Any CPU
	EndGlobalSection
	GlobalSection(ProjectConfigurationPlatforms) = postSolution
		{BE657B00-6071-4BDF-BB3C-4BE52444885F}.Debug|Any CPU.ActiveCfg = Debug|Any CPU
		{BE657B00-6071-4BDF-BB3C-4BE52444885F}.Debug|Any CPU.Build.0 = Debug|Any CPU
		{BE657B00-6071-4BDF-BB3C-4BE52444885F}.Release|Any CPU.ActiveCfg = Release|Any CPU
		{BE657B00-6071-4BDF-BB3C-4BE52444885F}.Release|Any CPU.Build.0 = Release|Any CPU
	EndGlobalSection
	GlobalSection(SolutionProperties) = preSolution
		HideSolutionNode = FALSE
	EndGlobalSection
	GlobalSection(ExtensibilityGlobals) = postSolution
		SolutionGuid = {D70FD6EC-8EBB-438D-B1E4-AEDA3FE674E9}
	EndGlobalSection
EndGlobal
